
Microsoft Visual Studio Solution File, Format Version 12.00
# Visual Studio Version 17
VisualStudioVersion = 17.7.34024.191
MinimumVisualStudioVersion = 10.0.40219.1
Project("{FAE04EC0-301F-11D3-BF4B-00C04F79EFBC}") = "app_WEB_6_8", "app_WEB_6_8.csproj", "{73A6DCAA-31B6-47E7-A9A1-309FCD0DD131}"
EndProject
Global
	GlobalSection(SolutionConfigurationPlatforms) = preSolution
		Debug|Any CPU = Debug|Any CPU
		Release|Any CPU = Release|Any CPU
	EndGlobalSection
	GlobalSection(ProjectConfigurationPlatforms) = postSolution
		{73A6DCAA-31B6-47E7-A9A1-309FCD0DD131}.Debug|Any CPU.ActiveCfg = Debug|Any CPU
		{73A6DCAA-31B6-47E7-A9A1-309FCD0DD131}.Debug|Any CPU.Build.0 = Debug|Any CPU
		{73A6DCAA-31B6-47E7-A9A1-309FCD0DD131}.Release|Any CPU.ActiveCfg = Release|Any CPU
		{73A6DCAA-31B6-47E7-A9A1-309FCD0DD131}.Release|Any CPU.Build.0 = Release|Any CPU
	EndGlobalSection
	GlobalSection(SolutionProperties) = preSolution
		HideSolutionNode = FALSE
	EndGlobalSection
	GlobalSection(ExtensibilityGlobals) = postSolution
		SolutionGuid = {35C7C7ED-CA9B-49BE-A755-7AFCBCA87104}
	EndGlobalSection
EndGlobal
